// !$*UTF8*$!
{
	archiveVersion = 1;
	classes = {
	};
	objectVersion = 46;
	objects = {

/* Begin PBXBuildFile section */
		BA1D3A4F1B5458B1006FA1B1 /* main.m in Sources */ = {isa = PBXBuildFile; fileRef = BA1D3A4E1B5458B1006FA1B1 /* main.m */; };
		BA1D3A521B5458B1006FA1B1 /* AppDelegate.m in Sources */ = {isa = PBXBuildFile; fileRef = BA1D3A511B5458B1006FA1B1 /* AppDelegate.m */; };
		BA1D3A551B5458B1006FA1B1 /* ViewController.m in Sources */ = {isa = PBXBuildFile; fileRef = BA1D3A541B5458B1006FA1B1 /* ViewController.m */; };
		BA1D3A581B5458B1006FA1B1 /* Main.storyboard in Resources */ = {isa = PBXBuildFile; fileRef = BA1D3A561B5458B1006FA1B1 /* Main.storyboard */; };
		BA1D3A5A1B5458B1006FA1B1 /* Images.xcassets in Resources */ = {isa = PBXBuildFile; fileRef = BA1D3A591B5458B1006FA1B1 /* Images.xcassets */; };
		BA1D3A5D1B5458B1006FA1B1 /* LaunchScreen.xib in Resources */ = {isa = PBXBuildFile; fileRef = BA1D3A5B1B5458B1006FA1B1 /* LaunchScreen.xib */; };
		BA1D3A691B5458B1006FA1B1 /* multiplyTests.m in Sources */ = {isa = PBXBuildFile; fileRef = BA1D3A681B5458B1006FA1B1 /* multiplyTests.m */; };
/* End PBXBuildFile section */

/* Begin PBXContainerItemProxy section */
		BA1D3A631B5458B1006FA1B1 /* PBXContainerItemProxy */ = {
			isa = PBXContainerItemProxy;
			containerPortal = BA1D3A411B5458B1006FA1B1 /* Project object */;
			proxyType = 1;
			remoteGlobalIDString = BA1D3A481B5458B1006FA1B1;
			remoteInfo = multiply;
		};
/* End PBXContainerItemProxy section */

/* Begin PBXFileReference section */
		BA1D3A491B5458B1006FA1B1 /* multiply.app */ = {isa = PBXFileReference; explicitFileType = wrapper.application; includeInIndex = 0; path = multiply.app; sourceTree = BUILT_PRODUCTS_DIR; };
		BA1D3A4D1B5458B1006FA1B1 /* Info.plist */ = {isa = PBXFileReference; lastKnownFileType = text.plist.xml; path = Info.plist; sourceTree = "<group>"; };
		BA1D3A4E1B5458B1006FA1B1 /* main.m */ = {isa = PBXFileReference; lastKnownFileType = sourcecode.c.objc; path = main.m; sourceTree = "<group>"; };
		BA1D3A501B5458B1006FA1B1 /* AppDelegate.h */ = {isa = PBXFileReference; lastKnownFileType = sourcecode.c.h; path = AppDelegate.h; sourceTree = "<group>"; };
		BA1D3A511B5458B1006FA1B1 /* AppDelegate.m */ = {isa = PBXFileReference; lastKnownFileType = sourcecode.c.objc; path = AppDelegate.m; sourceTree = "<group>"; };
		BA1D3A531B5458B1006FA1B1 /* ViewController.h */ = {isa = PBXFileReference; lastKnownFileType = sourcecode.c.h; path = ViewController.h; sourceTree = "<group>"; };
		BA1D3A541B5458B1006FA1B1 /* ViewController.m */ = {isa = PBXFileReference; lastKnownFileType = sourcecode.c.objc; path = ViewController.m; sourceTree = "<group>"; };
		BA1D3A571B5458B1006FA1B1 /* Base */ = {isa = PBXFileReference; lastKnownFileType = file.storyboard; name = Base; path = Base.lproj/Main.storyboard; sourceTree = "<group>"; };
		BA1D3A591B5458B1006FA1B1 /* Images.xcassets */ = {isa = PBXFileReference; lastKnownFileType = folder.assetcatalog; path = Images.xcassets; sourceTree = "<group>"; };
		BA1D3A5C1B5458B1006FA1B1 /* Base */ = {isa = PBXFileReference; lastKnownFileType = file.xib; name = Base; path = Base.lproj/LaunchScreen.xib; sourceTree = "<group>"; };
		BA1D3A621B5458B1006FA1B1 /* multiplyTests.xctest */ = {isa = PBXFileReference; explicitFileType = wrapper.cfbundle; includeInIndex = 0; path = multiplyTests.xctest; sourceTree = BUILT_PRODUCTS_DIR; };
		BA1D3A671B5458B1006FA1B1 /* Info.plist */ = {isa = PBXFileReference; lastKnownFileType = text.plist.xml; path = Info.plist; sourceTree = "<group>"; };
		BA1D3A681B5458B1006FA1B1 /* multiplyTests.m */ = {isa = PBXFileReference; lastKnownFileType = sourcecode.c.objc; path = multiplyTests.m; sourceTree = "<group>"; };
/* End PBXFileReference section */

/* Begin PBXFrameworksBuildPhase section */
		BA1D3A461B5458B1006FA1B1 /* Frameworks */ = {
			isa = PBXFrameworksBuildPhase;
			buildActionMask = 2147483647;
			files = (
			);
			runOnlyForDeploymentPostprocessing = 0;
		};
		BA1D3A5F1B5458B1006FA1B1 /* Frameworks */ = {
			isa = PBXFrameworksBuildPhase;
			buildActionMask = 2147483647;
			files = (
			);
			runOnlyForDeploymentPostprocessing = 0;
		};
/* End PBXFrameworksBuildPhase section */

/* Begin PBXGroup section */
		BA1D3A401B5458B1006FA1B1 = {
			isa = PBXGroup;
			children = (
				BA1D3A4B1B5458B1006FA1B1 /* multiply */,
				BA1D3A651B5458B1006FA1B1 /* multiplyTests */,
				BA1D3A4A1B5458B1006FA1B1 /* Products */,
			);
			sourceTree = "<group>";
		};
		BA1D3A4A1B5458B1006FA1B1 /* Products */ = {
			isa = PBXGroup;
			children = (
				BA1D3A491B5458B1006FA1B1 /* multiply.app */,
				BA1D3A621B5458B1006FA1B1 /* multiplyTests.xctest */,
			);
			name = Products;
			sourceTree = "<group>";
		};
		BA1D3A4B1B5458B1006FA1B1 /* multiply */ = {
			isa = PBXGroup;
			children = (
				BA1D3A501B5458B1006FA1B1 /* AppDelegate.h */,
				BA1D3A511B5458B1006FA1B1 /* AppDelegate.m */,
				BA1D3A531B5458B1006FA1B1 /* ViewController.h */,
				BA1D3A541B5458B1006FA1B1 /* ViewController.m */,
				BA1D3A561B5458B1006FA1B1 /* Main.storyboard */,
				BA1D3A591B5458B1006FA1B1 /* Images.xcassets */,
				BA1D3A5B1B5458B1006FA1B1 /* LaunchScreen.xib */,
				BA1D3A4C1B5458B1006FA1B1 /* Supporting Files */,
			);
			path = multiply;
			sourceTree = "<group>";
		};
		BA1D3A4C1B5458B1006FA1B1 /* Supporting Files */ = {
			isa = PBXGroup;
			children = (
				BA1D3A4D1B5458B1006FA1B1 /* Info.plist */,
				BA1D3A4E1B5458B1006FA1B1 /* main.m */,
			);
			name = "Supporting Files";
			sourceTree = "<group>";
		};
		BA1D3A651B5458B1006FA1B1 /* multiplyTests */ = {
			isa = PBXGroup;
			children = (
				BA1D3A681B5458B1006FA1B1 /* multiplyTests.m */,
				BA1D3A661B5458B1006FA1B1 /* Supporting Files */,
			);
			path = multiplyTests;
			sourceTree = "<group>";
		};
		BA1D3A661B5458B1006FA1B1 /* Supporting Files */ = {
			isa = PBXGroup;
			children = (
				BA1D3A671B5458B1006FA1B1 /* Info.plist */,
			);
			name = "Supporting Files";
			sourceTree = "<group>";
		};
/* End PBXGroup section */

/* Begin PBXNativeTarget section */
		BA1D3A481B5458B1006FA1B1 /* multiply */ = {
			isa = PBXNativeTarget;
			buildConfigurationList = BA1D3A6C1B5458B1006FA1B1 /* Build configuration list for PBXNativeTarget "multiply" */;
			buildPhases = (
				BA1D3A451B5458B1006FA1B1 /* Sources */,
				BA1D3A461B5458B1006FA1B1 /* Frameworks */,
				BA1D3A471B5458B1006FA1B1 /* Resources */,
			);
			buildRules = (
			);
			dependencies = (
			);
			name = multiply;
			productName = multiply;
			productReference = BA1D3A491B5458B1006FA1B1 /* multiply.app */;
			productType = "com.apple.product-type.application";
		};
		BA1D3A611B5458B1006FA1B1 /* multiplyTests */ = {
			isa = PBXNativeTarget;
			buildConfigurationList = BA1D3A6F1B5458B1006FA1B1 /* Build configuration list for PBXNativeTarget "multiplyTests" */;
			buildPhases = (
				BA1D3A5E1B5458B1006FA1B1 /* Sources */,
				BA1D3A5F1B5458B1006FA1B1 /* Frameworks */,
				BA1D3A601B5458B1006FA1B1 /* Resources */,
			);
			buildRules = (
			);
			dependencies = (
				BA1D3A641B5458B1006FA1B1 /* PBXTargetDependency */,
			);
			name = multiplyTests;
			productName = multiplyTests;
			productReference = BA1D3A621B5458B1006FA1B1 /* multiplyTests.xctest */;
			productType = "com.apple.product-type.bundle.unit-test";
		};
/* End PBXNativeTarget section */

/* Begin PBXProject section */
		BA1D3A411B5458B1006FA1B1 /* Project object */ = {
			isa = PBXProject;
			attributes = {
				LastUpgradeCheck = 0640;
				ORGANIZATIONNAME = "Ben Cooper";
				TargetAttributes = {
					BA1D3A481B5458B1006FA1B1 = {
						CreatedOnToolsVersion = 6.4;
					};
					BA1D3A611B5458B1006FA1B1 = {
						CreatedOnToolsVersion = 6.4;
						TestTargetID = BA1D3A481B5458B1006FA1B1;
					};
				};
			};
			buildConfigurationList = BA1D3A441B5458B1006FA1B1 /* Build configuration list for PBXProject "multiply" */;
			compatibilityVersion = "Xcode 3.2";
			developmentRegion = English;
			hasScannedForEncodings = 0;
			knownRegions = (
				en,
				Base,
			);
			mainGroup = BA1D3A401B5458B1006FA1B1;
			productRefGroup = BA1D3A4A1B5458B1006FA1B1 /* Products */;
			projectDirPath = "";
			projectRoot = "";
			targets = (
				BA1D3A481B5458B1006FA1B1 /* multiply */,
				BA1D3A611B5458B1006FA1B1 /* multiplyTests */,
			);
		};
/* End PBXProject section */

/* Begin PBXResourcesBuildPhase section */
		BA1D3A471B5458B1006FA1B1 /* Resources */ = {
			isa = PBXResourcesBuildPhase;
			buildActionMask = 2147483647;
			files = (
				BA1D3A581B5458B1006FA1B1 /* Main.storyboard in Resources */,
				BA1D3A5D1B5458B1006FA1B1 /* LaunchScreen.xib in Resources */,
				BA1D3A5A1B5458B1006FA1B1 /* Images.xcassets in Resources */,
			);
			runOnlyForDeploymentPostprocessing = 0;
		};
		BA1D3A601B5458B1006FA1B1 /* Resources */ = {
			isa = PBXResourcesBuildPhase;
			buildActionMask = 2147483647;
			files = (
			);
			runOnlyForDeploymentPostprocessing = 0;
		};
/* End PBXResourcesBuildPhase section */

/* Begin PBXSourcesBuildPhase section */
		BA1D3A451B5458B1006FA1B1 /* Sources */ = {
			isa = PBXSourcesBuildPhase;
			buildActionMask = 2147483647;
			files = (
				BA1D3A551B5458B1006FA1B1 /* ViewController.m in Sources */,
				BA1D3A521B5458B1006FA1B1 /* AppDelegate.m in Sources */,
				BA1D3A4F1B5458B1006FA1B1 /* main.m in Sources */,
			);
			runOnlyForDeploymentPostprocessing = 0;
		};
		BA1D3A5E1B5458B1006FA1B1 /* Sources */ = {
			isa = PBXSourcesBuildPhase;
			buildActionMask = 2147483647;
			files = (
				BA1D3A691B5458B1006FA1B1 /* multiplyTests.m in Sources */,
			);
			runOnlyForDeploymentPostprocessing = 0;
		};
/* End PBXSourcesBuildPhase section */

/* Begin PBXTargetDependency section */
		BA1D3A641B5458B1006FA1B1 /* PBXTargetDependency */ = {
			isa = PBXTargetDependency;
			target = BA1D3A481B5458B1006FA1B1 /* multiply */;
			targetProxy = BA1D3A631B5458B1006FA1B1 /* PBXContainerItemProxy */;
		};
/* End PBXTargetDependency section */

/* Begin PBXVariantGroup section */
		BA1D3A561B5458B1006FA1B1 /* Main.storyboard */ = {
			isa = PBXVariantGroup;
			children = (
				BA1D3A571B5458B1006FA1B1 /* Base */,
			);
			name = Main.storyboard;
			sourceTree = "<group>";
		};
		BA1D3A5B1B5458B1006FA1B1 /* LaunchScreen.xib */ = {
			isa = PBXVariantGroup;
			children = (
				BA1D3A5C1B5458B1006FA1B1 /* Base */,
			);
			name = LaunchScreen.xib;
			sourceTree = "<group>";
		};
/* End PBXVariantGroup section */

/* Begin XCBuildConfiguration section */
		BA1D3A6A1B5458B1006FA1B1 /* Debug */ = {
			isa = XCBuildConfiguration;
			buildSettings = {
				ALWAYS_SEARCH_USER_PATHS = NO;
				CLANG_CXX_LANGUAGE_STANDARD = "gnu++0x";
				CLANG_CXX_LIBRARY = "libc++";
				CLANG_ENABLE_MODULES = YES;
				CLANG_ENABLE_OBJC_ARC = YES;
				CLANG_WARN_BOOL_CONVERSION = YES;
				CLANG_WARN_CONSTANT_CONVERSION = YES;
				CLANG_WARN_DIRECT_OBJC_ISA_USAGE = YES_ERROR;
				CLANG_WARN_EMPTY_BODY = YES;
				CLANG_WARN_ENUM_CONVERSION = YES;
				CLANG_WARN_INT_CONVERSION = YES;
				CLANG_WARN_OBJC_ROOT_CLASS = YES_ERROR;
				CLANG_WARN_UNREACHABLE_CODE = YES;
				CLANG_WARN__DUPLICATE_METHOD_MATCH = YES;
				"CODE_SIGN_IDENTITY[sdk=iphoneos*]" = "iPhone Developer";
				COPY_PHASE_STRIP = NO;
				DEBUG_INFORMATION_FORMAT = "dwarf-with-dsym";
				ENABLE_STRICT_OBJC_MSGSEND = YES;
				GCC_C_LANGUAGE_STANDARD = gnu99;
				GCC_DYNAMIC_NO_PIC = NO;
				GCC_NO_COMMON_BLOCKS = YES;
				GCC_OPTIMIZATION_LEVEL = 0;
				GCC_PREPROCESSOR_DEFINITIONS = (
					"DEBUG=1",
					"$(inherited)",
				);
				GCC_SYMBOLS_PRIVATE_EXTERN = NO;
				GCC_WARN_64_TO_32_BIT_CONVERSION = YES;
				GCC_WARN_ABOUT_RETURN_TYPE = YES_ERROR;
				GCC_WARN_UNDECLARED_SELECTOR = YES;
				GCC_WARN_UNINITIALIZED_AUTOS = YES_AGGRESSIVE;
				GCC_WARN_UNUSED_FUNCTION = YES;
				GCC_WARN_UNUSED_VARIABLE = YES;
				IPHONEOS_DEPLOYMENT_TARGET = 8.4;
				MTL_ENABLE_DEBUG_INFO = YES;
				ONLY_ACTIVE_ARCH = YES;
				SDKROOT = iphoneos;
			};
			name = Debug;
		};
		BA1D3A6B1B5458B1006FA1B1 /* Release */ = {
			isa = XCBuildConfiguration;
			buildSettings = {
				ALWAYS_SEARCH_USER_PATHS = NO;
				CLANG_CXX_LANGUAGE_STANDARD = "gnu++0x";
				CLANG_CXX_LIBRARY = "libc++";
				CLANG_ENABLE_MODULES = YES;
				CLANG_ENABLE_OBJC_ARC = YES;
				CLANG_WARN_BOOL_CONVERSION = YES;
				CLANG_WARN_CONSTANT_CONVERSION = YES;
				CLANG_WARN_DIRECT_OBJC_ISA_USAGE = YES_ERROR;
				CLANG_WARN_EMPTY_BODY = YES;
				CLANG_WARN_ENUM_CONVERSION = YES;
				CLANG_WARN_INT_CONVERSION = YES;
				CLANG_WARN_OBJC_ROOT_CLASS = YES_ERROR;
				CLANG_WARN_UNREACHABLE_CODE = YES;
				CLANG_WARN__DUPLICATE_METHOD_MATCH = YES;
				"CODE_SIGN_IDENTITY[sdk=iphoneos*]" = "iPhone Developer";
				COPY_PHASE_STRIP = NO;
				DEBUG_INFORMATION_FORMAT = "dwarf-with-dsym";
				ENABLE_NS_ASSERTIONS = NO;
				ENABLE_STRICT_OBJC_MSGSEND = YES;
				GCC_C_LANGUAGE_STANDARD = gnu99;
				GCC_NO_COMMON_BLOCKS = YES;
				GCC_WARN_64_TO_32_BIT_CONVERSION = YES;
				GCC_WARN_ABOUT_RETURN_TYPE = YES_ERROR;
				GCC_WARN_UNDECLARED_SELECTOR = YES;
				GCC_WARN_UNINITIALIZED_AUTOS = YES_AGGRESSIVE;
				GCC_WARN_UNUSED_FUNCTION = YES;
				GCC_WARN_UNUSED_VARIABLE = YES;
				IPHONEOS_DEPLOYMENT_TARGET = 8.4;
				MTL_ENABLE_DEBUG_INFO = NO;
				SDKROOT = iphoneos;
				VALIDATE_PRODUCT = YES;
			};
			name = Release;
		};
		BA1D3A6D1B5458B1006FA1B1 /* Debug */ = {
			isa = XCBuildConfiguration;
			buildSettings = {
				ASSETCATALOG_COMPILER_APPICON_NAME = AppIcon;
				INFOPLIST_FILE = multiply/Info.plist;
				LD_RUNPATH_SEARCH_PATHS = "$(inherited) @executable_path/Frameworks";
				PRODUCT_NAME = "$(TARGET_NAME)";
			};
			name = Debug;
		};
		BA1D3A6E1B5458B1006FA1B1 /* Release */ = {
			isa = XCBuildConfiguration;
			buildSettings = {
				ASSETCATALOG_COMPILER_APPICON_NAME = AppIcon;
				INFOPLIST_FILE = multiply/Info.plist;
				LD_RUNPATH_SEARCH_PATHS = "$(inherited) @executable_path/Frameworks";
				PRODUCT_NAME = "$(TARGET_NAME)";
			};
			name = Release;
		};
		BA1D3A701B5458B1006FA1B1 /* Debug */ = {
			isa = XCBuildConfiguration;
			buildSettings = {
				BUNDLE_LOADER = "$(TEST_HOST)";
				FRAMEWORK_SEARCH_PATHS = (
					"$(SDKROOT)/Developer/Library/Frameworks",
					"$(inherited)",
				);
				GCC_PREPROCESSOR_DEFINITIONS = (
					"DEBUG=1",
					"$(inherited)",
				);
				INFOPLIST_FILE = multiplyTests/Info.plist;
				LD_RUNPATH_SEARCH_PATHS = "$(inherited) @executable_path/Frameworks @loader_path/Frameworks";
				PRODUCT_NAME = "$(TARGET_NAME)";
				TEST_HOST = "$(BUILT_PRODUCTS_DIR)/multiply.app/multiply";
			};
			name = Debug;
		};
		BA1D3A711B5458B1006FA1B1 /* Release */ = {
			isa = XCBuildConfiguration;
			buildSettings = {
				BUNDLE_LOADER = "$(TEST_HOST)";
				FRAMEWORK_SEARCH_PATHS = (
					"$(SDKROOT)/Developer/Library/Frameworks",
					"$(inherited)",
				);
				INFOPLIST_FILE = multiplyTests/Info.plist;
				LD_RUNPATH_SEARCH_PATHS = "$(inherited) @executable_path/Frameworks @loader_path/Frameworks";
				PRODUCT_NAME = "$(TARGET_NAME)";
				TEST_HOST = "$(BUILT_PRODUCTS_DIR)/multiply.app/multiply";
			};
			name = Release;
		};
/* End XCBuildConfiguration section */

/* Begin XCConfigurationList section */
		BA1D3A441B5458B1006FA1B1 /* Build configuration list for PBXProject "multiply" */ = {
			isa = XCConfigurationList;
			buildConfigurations = (
				BA1D3A6A1B5458B1006FA1B1 /* Debug */,
				BA1D3A6B1B5458B1006FA1B1 /* Release */,
			);
			defaultConfigurationIsVisible = 0;
			defaultConfigurationName = Release;
		};
		BA1D3A6C1B5458B1006FA1B1 /* Build configuration list for PBXNativeTarget "multiply" */ = {
			isa = XCConfigurationList;
			buildConfigurations = (
				BA1D3A6D1B5458B1006FA1B1 /* Debug */,
				BA1D3A6E1B5458B1006FA1B1 /* Release */,
			);
			defaultConfigurationIsVisible = 0;
		};
		BA1D3A6F1B5458B1006FA1B1 /* Build configuration list for PBXNativeTarget "multiplyTests" */ = {
			isa = XCConfigurationList;
			buildConfigurations = (
				BA1D3A701B5458B1006FA1B1 /* Debug */,
				BA1D3A711B5458B1006FA1B1 /* Release */,
			);
			defaultConfigurationIsVisible = 0;
		};
/* End XCConfigurationList section */
	};
	rootObject = BA1D3A411B5458B1006FA1B1 /* Project object */;
}
